// !$*UTF8*$!
{
	archiveVersion = 1;
	classes = {
	};
	objectVersion = 46;
	objects = {

/* Begin PBXBuildFile section */
		C52C79FD1EEB5494008803CC /* sBlock.png in Resources */ = {isa = PBXBuildFile; fileRef = C52C79FC1EEB5494008803CC /* sBlock.png */; };
		C52C79FF1EEB54D2008803CC /* sCaveBG.png in Resources */ = {isa = PBXBuildFile; fileRef = C52C79FE1EEB54D2008803CC /* sCaveBG.png */; };
		C52C7A011EEB54E0008803CC /* sBrick.png in Resources */ = {isa = PBXBuildFile; fileRef = C52C7A001EEB54E0008803CC /* sBrick.png */; };
		C52C7A041EEB54FB008803CC /* Ladder.png in Resources */ = {isa = PBXBuildFile; fileRef = C52C7A031EEB54FB008803CC /* Ladder.png */; };
		C52C7A061EEB550E008803CC /* LadderTop.png in Resources */ = {isa = PBXBuildFile; fileRef = C52C7A051EEB550E008803CC /* LadderTop.png */; };
		C52C7A091EEC8ADB008803CC /* Room.swift in Sources */ = {isa = PBXBuildFile; fileRef = C52C7A081EEC8ADB008803CC /* Room.swift */; };
		C52C7A0B1EEC8B30008803CC /* Helpers.swift in Sources */ = {isa = PBXBuildFile; fileRef = C52C7A0A1EEC8B30008803CC /* Helpers.swift */; };
		C52C7A0D1EECA016008803CC /* Entrance.png in Resources */ = {isa = PBXBuildFile; fileRef = C52C7A0C1EECA016008803CC /* Entrance.png */; };
		C52C7A0F1EECC1A8008803CC /* Exit.png in Resources */ = {isa = PBXBuildFile; fileRef = C52C7A0E1EECC1A8008803CC /* Exit.png */; };
		C52C7A111EECC228008803CC /* Spikes.png in Resources */ = {isa = PBXBuildFile; fileRef = C52C7A101EECC228008803CC /* Spikes.png */; };
		C569C85B21777C230025CDF8 /* Sprite.swift in Sources */ = {isa = PBXBuildFile; fileRef = C569C85A21777C230025CDF8 /* Sprite.swift */; };
		C5FE871B1EE4A4C20054982C /* AppDelegate.swift in Sources */ = {isa = PBXBuildFile; fileRef = C5FE871A1EE4A4C20054982C /* AppDelegate.swift */; };
		C5FE87211EE4A4C20054982C /* GameScene.swift in Sources */ = {isa = PBXBuildFile; fileRef = C5FE87201EE4A4C20054982C /* GameScene.swift */; };
		C5FE87231EE4A4C20054982C /* ViewController.swift in Sources */ = {isa = PBXBuildFile; fileRef = C5FE87221EE4A4C20054982C /* ViewController.swift */; };
		C5FE87251EE4A4C20054982C /* Assets.xcassets in Resources */ = {isa = PBXBuildFile; fileRef = C5FE87241EE4A4C20054982C /* Assets.xcassets */; };
		C5FE87281EE4A4C20054982C /* Main.storyboard in Resources */ = {isa = PBXBuildFile; fileRef = C5FE87261EE4A4C20054982C /* Main.storyboard */; };
		EC095F061EF83B9C00888BE1 /* charStandLeft.png in Resources */ = {isa = PBXBuildFile; fileRef = EC095F051EF83B9C00888BE1 /* charStandLeft.png */; };
/* End PBXBuildFile section */

/* Begin PBXFileReference section */
		C52C79FC1EEB5494008803CC /* sBlock.png */ = {isa = PBXFileReference; lastKnownFileType = image.png; name = sBlock.png; path = "../../../../../SpelunkyCommunityUpdateProject-master/spelunky/Sprites/Blocks/Mines/sBlock.images/sBlock.png"; sourceTree = "<group>"; };
		C52C79FE1EEB54D2008803CC /* sCaveBG.png */ = {isa = PBXFileReference; lastKnownFileType = image.png; name = sCaveBG.png; path = "../../../../../SpelunkyCommunityUpdateProject-master/spelunky/Sprites/Blocks/Background/sCaveBG.images/sCaveBG.png"; sourceTree = "<group>"; };
		C52C7A001EEB54E0008803CC /* sBrick.png */ = {isa = PBXFileReference; lastKnownFileType = image.png; name = sBrick.png; path = "../../../../../SpelunkyCommunityUpdateProject-master/spelunky/Sprites/Blocks/Mines/sBrick.images/sBrick.png"; sourceTree = "<group>"; };
		C52C7A031EEB54FB008803CC /* Ladder.png */ = {isa = PBXFileReference; lastKnownFileType = image.png; name = Ladder.png; path = "../../../../../SpelunkyCommunityUpdateProject-master/spelunky/Sprites/Blocks/Ladders/sLadder.images/Ladder.png"; sourceTree = "<group>"; };
		C52C7A051EEB550E008803CC /* LadderTop.png */ = {isa = PBXFileReference; lastKnownFileType = image.png; name = LadderTop.png; path = "../../../../../SpelunkyCommunityUpdateProject-master/spelunky/Sprites/Blocks/Ladders/sLadderTop.images/LadderTop.png"; sourceTree = "<group>"; };
		C52C7A081EEC8ADB008803CC /* Room.swift */ = {isa = PBXFileReference; lastKnownFileType = sourcecode.swift; path = Room.swift; sourceTree = "<group>"; };
		C52C7A0A1EEC8B30008803CC /* Helpers.swift */ = {isa = PBXFileReference; lastKnownFileType = sourcecode.swift; path = Helpers.swift; sourceTree = "<group>"; };
		C52C7A0C1EECA016008803CC /* Entrance.png */ = {isa = PBXFileReference; lastKnownFileType = image.png; name = Entrance.png; path = "../../../../../SpelunkyCommunityUpdateProject-master/spelunky/Sprites/Blocks/Background/sEntrance.images/Entrance.png"; sourceTree = "<group>"; };
		C52C7A0E1EECC1A8008803CC /* Exit.png */ = {isa = PBXFileReference; lastKnownFileType = image.png; name = Exit.png; path = "../../../../../SpelunkyCommunityUpdateProject-master/spelunky/Sprites/Blocks/Background/sExit.images/Exit.png"; sourceTree = "<group>"; };
		C52C7A101EECC228008803CC /* Spikes.png */ = {isa = PBXFileReference; lastKnownFileType = image.png; name = Spikes.png; path = "../../../../../SpelunkyCommunityUpdateProject-master/spelunky/Sprites/Traps/sSpikes.images/Spikes.png"; sourceTree = "<group>"; };
		C569C85A21777C230025CDF8 /* Sprite.swift */ = {isa = PBXFileReference; lastKnownFileType = sourcecode.swift; path = Sprite.swift; sourceTree = "<group>"; };
		C5FE87171EE4A4C20054982C /* SplenkyGen.app */ = {isa = PBXFileReference; explicitFileType = wrapper.application; includeInIndex = 0; path = SplenkyGen.app; sourceTree = BUILT_PRODUCTS_DIR; };
		C5FE871A1EE4A4C20054982C /* AppDelegate.swift */ = {isa = PBXFileReference; lastKnownFileType = sourcecode.swift; path = AppDelegate.swift; sourceTree = "<group>"; };
		C5FE87201EE4A4C20054982C /* GameScene.swift */ = {isa = PBXFileReference; lastKnownFileType = sourcecode.swift; path = GameScene.swift; sourceTree = "<group>"; };
		C5FE87221EE4A4C20054982C /* ViewController.swift */ = {isa = PBXFileReference; lastKnownFileType = sourcecode.swift; path = ViewController.swift; sourceTree = "<group>"; };
		C5FE87241EE4A4C20054982C /* Assets.xcassets */ = {isa = PBXFileReference; lastKnownFileType = folder.assetcatalog; path = Assets.xcassets; sourceTree = "<group>"; };
		C5FE87271EE4A4C20054982C /* Base */ = {isa = PBXFileReference; lastKnownFileType = file.storyboard; name = Base; path = Base.lproj/Main.storyboard; sourceTree = "<group>"; };
		C5FE87291EE4A4C20054982C /* Info.plist */ = {isa = PBXFileReference; lastKnownFileType = text.plist.xml; path = Info.plist; sourceTree = "<group>"; };
		EC095F051EF83B9C00888BE1 /* charStandLeft.png */ = {isa = PBXFileReference; lastKnownFileType = image.png; name = charStandLeft.png; path = "../../../../../SpelunkyCommunityUpdateProject-master/spelunky/Sprites/Character/Main Dude/sStandLeft.images/charStandLeft.png"; sourceTree = "<group>"; };
/* End PBXFileReference section */

/* Begin PBXFrameworksBuildPhase section */
		C5FE87141EE4A4C20054982C /* Frameworks */ = {
			isa = PBXFrameworksBuildPhase;
			buildActionMask = 2147483647;
			files = (
			);
			runOnlyForDeploymentPostprocessing = 0;
		};
/* End PBXFrameworksBuildPhase section */

/* Begin PBXGroup section */
		C52C79F31EEB53F2008803CC /* Assets */ = {
			isa = PBXGroup;
			children = (
				EC095F041EF83B8A00888BE1 /* Character */,
				C52C7A021EEB54F1008803CC /* Ladders */,
				C52C79F51EEB5402008803CC /* Background */,
				C52C79F41EEB53FC008803CC /* Mines */,
				C569C85A21777C230025CDF8 /* Sprite.swift */,
			);
			path = Assets;
			sourceTree = "<group>";
		};
		C52C79F41EEB53FC008803CC /* Mines */ = {
			isa = PBXGroup;
			children = (
				C52C7A001EEB54E0008803CC /* sBrick.png */,
				C52C79FC1EEB5494008803CC /* sBlock.png */,
			);
			path = Mines;
			sourceTree = "<group>";
		};
		C52C79F51EEB5402008803CC /* Background */ = {
			isa = PBXGroup;
			children = (
				C52C7A101EECC228008803CC /* Spikes.png */,
				C52C7A0E1EECC1A8008803CC /* Exit.png */,
				C52C7A0C1EECA016008803CC /* Entrance.png */,
				C52C79FE1EEB54D2008803CC /* sCaveBG.png */,
			);
			path = Background;
			sourceTree = "<group>";
		};
		C52C7A021EEB54F1008803CC /* Ladders */ = {
			isa = PBXGroup;
			children = (
				C52C7A031EEB54FB008803CC /* Ladder.png */,
				C52C7A051EEB550E008803CC /* LadderTop.png */,
			);
			path = Ladders;
			sourceTree = "<group>";
		};
		C5FE870E1EE4A4C20054982C = {
			isa = PBXGroup;
			children = (
				C5FE87191EE4A4C20054982C /* SplenkyGen */,
				C5FE87181EE4A4C20054982C /* Products */,
			);
			sourceTree = "<group>";
		};
		C5FE87181EE4A4C20054982C /* Products */ = {
			isa = PBXGroup;
			children = (
				C5FE87171EE4A4C20054982C /* SplenkyGen.app */,
			);
			name = Products;
			sourceTree = "<group>";
		};
		C5FE87191EE4A4C20054982C /* SplenkyGen */ = {
			isa = PBXGroup;
			children = (
				C52C79F31EEB53F2008803CC /* Assets */,
				C5FE871A1EE4A4C20054982C /* AppDelegate.swift */,
				C5FE87201EE4A4C20054982C /* GameScene.swift */,
				C5FE87221EE4A4C20054982C /* ViewController.swift */,
				C5FE87241EE4A4C20054982C /* Assets.xcassets */,
				C5FE87261EE4A4C20054982C /* Main.storyboard */,
				C5FE87291EE4A4C20054982C /* Info.plist */,
				C52C7A081EEC8ADB008803CC /* Room.swift */,
				C52C7A0A1EEC8B30008803CC /* Helpers.swift */,
			);
			path = SplenkyGen;
			sourceTree = "<group>";
		};
		EC095F041EF83B8A00888BE1 /* Character */ = {
			isa = PBXGroup;
			children = (
				EC095F051EF83B9C00888BE1 /* charStandLeft.png */,
			);
			path = Character;
			sourceTree = "<group>";
		};
/* End PBXGroup section */

/* Begin PBXNativeTarget section */
		C5FE87161EE4A4C20054982C /* SplenkyGen */ = {
			isa = PBXNativeTarget;
			buildConfigurationList = C5FE872C1EE4A4C20054982C /* Build configuration list for PBXNativeTarget "SplenkyGen" */;
			buildPhases = (
				C5FE87131EE4A4C20054982C /* Sources */,
				C5FE87141EE4A4C20054982C /* Frameworks */,
				C5FE87151EE4A4C20054982C /* Resources */,
			);
			buildRules = (
			);
			dependencies = (
			);
			name = SplenkyGen;
			productName = SplenkyGen;
			productReference = C5FE87171EE4A4C20054982C /* SplenkyGen.app */;
			productType = "com.apple.product-type.application";
		};
/* End PBXNativeTarget section */

/* Begin PBXProject section */
		C5FE870F1EE4A4C20054982C /* Project object */ = {
			isa = PBXProject;
			attributes = {
				LastSwiftUpdateCheck = 0830;
				LastUpgradeCheck = 0900;
				ORGANIZATIONNAME = "Seth Howard";
				TargetAttributes = {
					C5FE87161EE4A4C20054982C = {
						CreatedOnToolsVersion = 8.3.2;
						LastSwiftMigration = 0900;
						ProvisioningStyle = Automatic;
					};
				};
			};
			buildConfigurationList = C5FE87121EE4A4C20054982C /* Build configuration list for PBXProject "SplenkyGen" */;
			compatibilityVersion = "Xcode 3.2";
			developmentRegion = English;
			hasScannedForEncodings = 0;
			knownRegions = (
				en,
				Base,
			);
			mainGroup = C5FE870E1EE4A4C20054982C;
			productRefGroup = C5FE87181EE4A4C20054982C /* Products */;
			projectDirPath = "";
			projectRoot = "";
			targets = (
				C5FE87161EE4A4C20054982C /* SplenkyGen */,
			);
		};
/* End PBXProject section */

/* Begin PBXResourcesBuildPhase section */
		C5FE87151EE4A4C20054982C /* Resources */ = {
			isa = PBXResourcesBuildPhase;
			buildActionMask = 2147483647;
			files = (
				C52C7A0F1EECC1A8008803CC /* Exit.png in Resources */,
				C5FE87251EE4A4C20054982C /* Assets.xcassets in Resources */,
				EC095F061EF83B9C00888BE1 /* charStandLeft.png in Resources */,
				C52C7A011EEB54E0008803CC /* sBrick.png in Resources */,
				C52C79FF1EEB54D2008803CC /* sCaveBG.png in Resources */,
				C52C7A061EEB550E008803CC /* LadderTop.png in Resources */,
				C5FE87281EE4A4C20054982C /* Main.storyboard in Resources */,
				C52C7A0D1EECA016008803CC /* Entrance.png in Resources */,
				C52C79FD1EEB5494008803CC /* sBlock.png in Resources */,
				C52C7A111EECC228008803CC /* Spikes.png in Resources */,
				C52C7A041EEB54FB008803CC /* Ladder.png in Resources */,
			);
			runOnlyForDeploymentPostprocessing = 0;
		};
/* End PBXResourcesBuildPhase section */

/* Begin PBXSourcesBuildPhase section */
		C5FE87131EE4A4C20054982C /* Sources */ = {
			isa = PBXSourcesBuildPhase;
			buildActionMask = 2147483647;
			files = (
				C5FE87231EE4A4C20054982C /* ViewController.swift in Sources */,
				C5FE87211EE4A4C20054982C /* GameScene.swift in Sources */,
				C52C7A091EEC8ADB008803CC /* Room.swift in Sources */,
				C52C7A0B1EEC8B30008803CC /* Helpers.swift in Sources */,
				C569C85B21777C230025CDF8 /* Sprite.swift in Sources */,
				C5FE871B1EE4A4C20054982C /* AppDelegate.swift in Sources */,
			);
			runOnlyForDeploymentPostprocessing = 0;
		};
/* End PBXSourcesBuildPhase section */

/* Begin PBXVariantGroup section */
		C5FE87261EE4A4C20054982C /* Main.storyboard */ = {
			isa = PBXVariantGroup;
			children = (
				C5FE87271EE4A4C20054982C /* Base */,
			);
			name = Main.storyboard;
			sourceTree = "<group>";
		};
/* End PBXVariantGroup section */

/* Begin XCBuildConfiguration section */
		C5FE872A1EE4A4C20054982C /* Debug */ = {
			isa = XCBuildConfiguration;
			buildSettings = {
				ALWAYS_SEARCH_USER_PATHS = NO;
				CLANG_ANALYZER_NONNULL = YES;
				CLANG_ANALYZER_NUMBER_OBJECT_CONVERSION = YES_AGGRESSIVE;
				CLANG_CXX_LANGUAGE_STANDARD = "gnu++0x";
				CLANG_CXX_LIBRARY = "libc++";
				CLANG_ENABLE_MODULES = YES;
				CLANG_ENABLE_OBJC_ARC = YES;
				CLANG_WARN_BLOCK_CAPTURE_AUTORELEASING = YES;
				CLANG_WARN_BOOL_CONVERSION = YES;
				CLANG_WARN_COMMA = YES;
				CLANG_WARN_CONSTANT_CONVERSION = YES;
				CLANG_WARN_DIRECT_OBJC_ISA_USAGE = YES_ERROR;
				CLANG_WARN_DOCUMENTATION_COMMENTS = YES;
				CLANG_WARN_EMPTY_BODY = YES;
				CLANG_WARN_ENUM_CONVERSION = YES;
				CLANG_WARN_INFINITE_RECURSION = YES;
				CLANG_WARN_INT_CONVERSION = YES;
				CLANG_WARN_NON_LITERAL_NULL_CONVERSION = YES;
				CLANG_WARN_OBJC_LITERAL_CONVERSION = YES;
				CLANG_WARN_OBJC_ROOT_CLASS = YES_ERROR;
				CLANG_WARN_RANGE_LOOP_ANALYSIS = YES;
				CLANG_WARN_STRICT_PROTOTYPES = YES;
				CLANG_WARN_SUSPICIOUS_MOVE = YES;
				CLANG_WARN_UNREACHABLE_CODE = YES;
				CLANG_WARN__DUPLICATE_METHOD_MATCH = YES;
				CODE_SIGN_IDENTITY = "-";
				COPY_PHASE_STRIP = NO;
				DEBUG_INFORMATION_FORMAT = dwarf;
				ENABLE_STRICT_OBJC_MSGSEND = YES;
				ENABLE_TESTABILITY = YES;
				GCC_C_LANGUAGE_STANDARD = gnu99;
				GCC_DYNAMIC_NO_PIC = NO;
				GCC_NO_COMMON_BLOCKS = YES;
				GCC_OPTIMIZATION_LEVEL = 0;
				GCC_PREPROCESSOR_DEFINITIONS = (
					"DEBUG=1",
					"$(inherited)",
				);
				GCC_WARN_64_TO_32_BIT_CONVERSION = YES;
				GCC_WARN_ABOUT_RETURN_TYPE = YES_ERROR;
				GCC_WARN_UNDECLARED_SELECTOR = YES;
				GCC_WARN_UNINITIALIZED_AUTOS = YES_AGGRESSIVE;
				GCC_WARN_UNUSED_FUNCTION = YES;
				GCC_WARN_UNUSED_VARIABLE = YES;
				MACOSX_DEPLOYMENT_TARGET = 10.12;
				MTL_ENABLE_DEBUG_INFO = YES;
				ONLY_ACTIVE_ARCH = YES;
				SDKROOT = macosx;
				SWIFT_ACTIVE_COMPILATION_CONDITIONS = DEBUG;
				SWIFT_OPTIMIZATION_LEVEL = "-Onone";
			};
			name = Debug;
		};
		C5FE872B1EE4A4C20054982C /* Release */ = {
			isa = XCBuildConfiguration;
			buildSettings = {
				ALWAYS_SEARCH_USER_PATHS = NO;
				CLANG_ANALYZER_NONNULL = YES;
				CLANG_ANALYZER_NUMBER_OBJECT_CONVERSION = YES_AGGRESSIVE;
				CLANG_CXX_LANGUAGE_STANDARD = "gnu++0x";
				CLANG_CXX_LIBRARY = "libc++";
				CLANG_ENABLE_MODULES = YES;
				CLANG_ENABLE_OBJC_ARC = YES;
				CLANG_WARN_BLOCK_CAPTURE_AUTORELEASING = YES;
				CLANG_WARN_BOOL_CONVERSION = YES;
				CLANG_WARN_COMMA = YES;
				CLANG_WARN_CONSTANT_CONVERSION = YES;
				CLANG_WARN_DIRECT_OBJC_ISA_USAGE = YES_ERROR;
				CLANG_WARN_DOCUMENTATION_COMMENTS = YES;
				CLANG_WARN_EMPTY_BODY = YES;
				CLANG_WARN_ENUM_CONVERSION = YES;
				CLANG_WARN_INFINITE_RECURSION = YES;
				CLANG_WARN_INT_CONVERSION = YES;
				CLANG_WARN_NON_LITERAL_NULL_CONVERSION = YES;
				CLANG_WARN_OBJC_LITERAL_CONVERSION = YES;
				CLANG_WARN_OBJC_ROOT_CLASS = YES_ERROR;
				CLANG_WARN_RANGE_LOOP_ANALYSIS = YES;
				CLANG_WARN_STRICT_PROTOTYPES = YES;
				CLANG_WARN_SUSPICIOUS_MOVE = YES;
				CLANG_WARN_UNREACHABLE_CODE = YES;
				CLANG_WARN__DUPLICATE_METHOD_MATCH = YES;
				CODE_SIGN_IDENTITY = "-";
				COPY_PHASE_STRIP = NO;
				DEBUG_INFORMATION_FORMAT = "dwarf-with-dsym";
				ENABLE_NS_ASSERTIONS = NO;
				ENABLE_STRICT_OBJC_MSGSEND = YES;
				GCC_C_LANGUAGE_STANDARD = gnu99;
				GCC_NO_COMMON_BLOCKS = YES;
				GCC_WARN_64_TO_32_BIT_CONVERSION = YES;
				GCC_WARN_ABOUT_RETURN_TYPE = YES_ERROR;
				GCC_WARN_UNDECLARED_SELECTOR = YES;
				GCC_WARN_UNINITIALIZED_AUTOS = YES_AGGRESSIVE;
				GCC_WARN_UNUSED_FUNCTION = YES;
				GCC_WARN_UNUSED_VARIABLE = YES;
				MACOSX_DEPLOYMENT_TARGET = 10.12;
				MTL_ENABLE_DEBUG_INFO = NO;
				SDKROOT = macosx;
				SWIFT_OPTIMIZATION_LEVEL = "-Owholemodule";
			};
			name = Release;
		};
		C5FE872D1EE4A4C20054982C /* Debug */ = {
			isa = XCBuildConfiguration;
			buildSettings = {
				ASSETCATALOG_COMPILER_APPICON_NAME = AppIcon;
				COMBINE_HIDPI_IMAGES = YES;
				INFOPLIST_FILE = SplenkyGen/Info.plist;
				LD_RUNPATH_SEARCH_PATHS = "$(inherited) @executable_path/../Frameworks";
				PRODUCT_BUNDLE_IDENTIFIER = "Seth-Howard.SplenkyGen";
				PRODUCT_NAME = "$(TARGET_NAME)";
				SWIFT_SWIFT3_OBJC_INFERENCE = On;
				SWIFT_VERSION = 4.0;
			};
			name = Debug;
		};
		C5FE872E1EE4A4C20054982C /* Release */ = {
			isa = XCBuildConfiguration;
			buildSettings = {
				ASSETCATALOG_COMPILER_APPICON_NAME = AppIcon;
				COMBINE_HIDPI_IMAGES = YES;
				INFOPLIST_FILE = SplenkyGen/Info.plist;
				LD_RUNPATH_SEARCH_PATHS = "$(inherited) @executable_path/../Frameworks";
				PRODUCT_BUNDLE_IDENTIFIER = "Seth-Howard.SplenkyGen";
				PRODUCT_NAME = "$(TARGET_NAME)";
				SWIFT_SWIFT3_OBJC_INFERENCE = On;
				SWIFT_VERSION = 4.0;
			};
			name = Release;
		};
/* End XCBuildConfiguration section */

/* Begin XCConfigurationList section */
		C5FE87121EE4A4C20054982C /* Build configuration list for PBXProject "SplenkyGen" */ = {
			isa = XCConfigurationList;
			buildConfigurations = (
				C5FE872A1EE4A4C20054982C /* Debug */,
				C5FE872B1EE4A4C20054982C /* Release */,
			);
			defaultConfigurationIsVisible = 0;
			defaultConfigurationName = Release;
		};
		C5FE872C1EE4A4C20054982C /* Build configuration list for PBXNativeTarget "SplenkyGen" */ = {
			isa = XCConfigurationList;
			buildConfigurations = (
				C5FE872D1EE4A4C20054982C /* Debug */,
				C5FE872E1EE4A4C20054982C /* Release */,
			);
			defaultConfigurationIsVisible = 0;
			defaultConfigurationName = Release;
		};
/* End XCConfigurationList section */
	};
	rootObject = C5FE870F1EE4A4C20054982C /* Project object */;
}
